{
  "name": "twpluginskeleton",
  "version": "0.0.4",
  "lockfileVersion": 2,
  "requires": true,
  "packages": {
    "": {
      "name": "twpluginskeleton",
      "version": "0.0.4",
      "license": "...",
      "dependencies": {
        "tiddlywiki": ">=5.1.20",
        "tw5-thirdflow": ">=1.2.10"
      },
      "devDependencies": {},
      "engines": {
        "node": ">=0.8.2"
      }
    },
    "node_modules/tiddlywiki": {
      "version": "5.1.20",
      "resolved": "https://registry.npmjs.org/tiddlywiki/-/tiddlywiki-5.1.20.tgz",
      "integrity": "sha512-ttsftbeaGZ1k6wdvfpRX8cg/OGkEk/3pWEdSHHZn+chTvmE142fpzwMa4YmB3ewLAEXHBHFAHHWXTgWS/dWQHw==",
      "bin": {
        "tiddlywiki": "tiddlywiki.js"
      },
      "engines": {
        "node": ">=0.8.2"
      }
    },
    "node_modules/tw5-thirdflow": {
      "version": "1.2.10",
      "resolved": "https://registry.npmjs.org/tw5-thirdflow/-/tw5-thirdflow-1.2.10.tgz",
      "integrity": "sha512-wuQs4R28Md7AQV2qIIKXSuy5MszYR2mKPpNdSU6c2oFs7ZGeYu8Xfc3LwT6usFbDFKR124g1xgRx170/fNwmqw==",
      "dependencies": {
        "tiddlywiki": "^5.1.20"
      },
      "engines": {
        "node": ">=4.6.0"
      }
    }
  },
  "dependencies": {
    "tiddlywiki": {
      "version": "5.1.20",
      "resolved": "https://registry.npmjs.org/tiddlywiki/-/tiddlywiki-5.1.20.tgz",
      "integrity": "sha512-ttsftbeaGZ1k6wdvfpRX8cg/OGkEk/3pWEdSHHZn+chTvmE142fpzwMa4YmB3ewLAEXHBHFAHHWXTgWS/dWQHw=="
    },
    "tw5-thirdflow": {
      "version": "1.2.10",
      "resolved": "https://registry.npmjs.org/tw5-thirdflow/-/tw5-thirdflow-1.2.10.tgz",
      "integrity": "sha512-wuQs4R28Md7AQV2qIIKXSuy5MszYR2mKPpNdSU6c2oFs7ZGeYu8Xfc3LwT6usFbDFKR124g1xgRx170/fNwmqw==",
      "requires": {
        "tiddlywiki": "^5.1.20"
      }
    }
  }
}
